# This file is autogenerated, do not edit; changes may be undone by the next 'dep ensure'.


[[projects]]
  branch = "master"
  name = "github.com/cloudflare/cfssl"
  packages = ["api","auth","certdb","config","crypto/pkcs7","csr","errors","helpers","helpers/derhelpers","info","log","ocsp/config","signer"]
  revision = "1daaa3c66c0254e98104787c428a651408ee8382"

[[projects]]
  name = "github.com/fsnotify/fsnotify"
  packages = ["."]
  revision = "629574ca2a5df945712d3079857300b5e4da0236"
  version = "v1.4.2"

[[projects]]
  branch = "master"
  name = "github.com/golang/protobuf"
  packages = ["proto","ptypes","ptypes/any","ptypes/duration","ptypes/timestamp"]
  revision = "1643683e1b54a9e88ad26d98f81400c8c9d9f4f9"

[[projects]]
  branch = "master"
  name = "github.com/google/certificate-transparency-go"
  packages = [".","asn1","tls","x509","x509/pkix"]
  revision = "8d47cb132abe6e2b81230d92080768f9fb0852c8"

[[projects]]
  branch = "master"
  name = "github.com/hashicorp/hcl"
  packages = [".","hcl/ast","hcl/parser","hcl/scanner","hcl/strconv","hcl/token","json/parser","json/scanner","json/token"]
  revision = "23c074d0eceb2b8a5bfdbb271ab780cde70f05a8"

[[projects]]
  branch = "master"
  name = "github.com/hyperledger/fabric-sdk-go"
  packages = ["api/apiconfig","api/apifabca","api/apifabclient","api/apilogging","api/apitxn","def/fabapi","def/fabapi/context","def/fabapi/context/defprovider","def/fabapi/opt","internal/github.com/hyperledger/fabric-ca/api","internal/github.com/hyperledger/fabric-ca/lib","internal/github.com/hyperledger/fabric-ca/lib/tls","internal/github.com/hyperledger/fabric-ca/sdkpatch/logbridge","internal/github.com/hyperledger/fabric-ca/util","internal/github.com/hyperledger/fabric/common/channelconfig","internal/github.com/hyperledger/fabric/common/crypto","internal/github.com/hyperledger/fabric/common/util","internal/github.com/hyperledger/fabric/core/ledger/kvledger/txmgmt/rwsetutil","internal/github.com/hyperledger/fabric/core/ledger/util","internal/github.com/hyperledger/fabric/events/consumer","internal/github.com/hyperledger/fabric/msp","internal/github.com/hyperledger/fabric/protos/orderer","internal/github.com/hyperledger/fabric/protos/utils","internal/github.com/hyperledger/fabric/sdkpatch/logbridge","pkg/config","pkg/config/urlutil","pkg/errors","pkg/fabric-ca-client","pkg/fabric-client","pkg/fabric-client/channel","pkg/fabric-client/credentialmgr","pkg/fabric-client/events","pkg/fabric-client/events/consumer","pkg/fabric-client/identity","pkg/fabric-client/internal","pkg/fabric-client/internal/txnproc","pkg/fabric-client/keyvaluestore","pkg/fabric-client/mocks","pkg/fabric-client/orderer","pkg/fabric-client/packager","pkg/fabric-client/peer","pkg/fabric-client/signingmgr","pkg/fabric-txn/admin","pkg/fabric-txn/chclient","pkg/fabric-txn/discovery","pkg/fabric-txn/internal","pkg/logging","third_party/github.com/hyperledger/fabric/bccsp","third_party/github.com/hyperledger/fabric/bccsp/factory","third_party/github.com/hyperledger/fabric/bccsp/pkcs11","third_party/github.com/hyperledger/fabric/bccsp/signer","third_party/github.com/hyperledger/fabric/bccsp/sw","third_party/github.com/hyperledger/fabric/bccsp/utils","third_party/github.com/hyperledger/fabric/protos/common","third_party/github.com/hyperledger/fabric/protos/ledger/rwset","third_party/github.com/hyperledger/fabric/protos/ledger/rwset/kvrwset","third_party/github.com/hyperledger/fabric/protos/msp","third_party/github.com/hyperledger/fabric/protos/orderer","third_party/github.com/hyperledger/fabric/protos/peer"]
  revision = "23ec48184b50b9ebede9d06df1569974eaa29991"

[[projects]]
  name = "github.com/magiconair/properties"
  packages = ["."]
  revision = "be5ece7dd465ab0765a9682137865547526d1dfb"
  version = "v1.7.3"

[[projects]]
  branch = "master"
  name = "github.com/miekg/pkcs11"
  packages = ["."]
  revision = "b0a4dd3f1df2065883a1a0a9045fb893319d3c67"

[[projects]]
  branch = "master"
  name = "github.com/mitchellh/mapstructure"
  packages = ["."]
  revision = "06020f85339e21b2478f756a78e295255ffa4d6a"

[[projects]]
  name = "github.com/pelletier/go-toml"
  packages = ["."]
  revision = "16398bac157da96aa88f98a2df640c7f32af1da2"
  version = "v1.0.1"

[[projects]]
  branch = "master"
  name = "github.com/pkg/errors"
  packages = ["."]
  revision = "f15c970de5b76fac0b59abb32d62c17cc7bed265"

[[projects]]
  branch = "master"
  name = "github.com/spf13/afero"
  packages = [".","mem"]
  revision = "5660eeed305fe5f69c8fc6cf899132a459a97064"

[[projects]]
  name = "github.com/spf13/cast"
  packages = ["."]
  revision = "acbeb36b902d72a7a4c18e8f3241075e7ab763e4"
  version = "v1.1.0"

[[projects]]
  branch = "master"
  name = "github.com/spf13/jwalterweatherman"
  packages = ["."]
  revision = "12bd96e66386c1960ab0f74ced1362f66f552f7b"

[[projects]]
  name = "github.com/spf13/pflag"
  packages = ["."]
  revision = "e57e3eeb33f795204c1ca35f56c44f83227c6e66"
  version = "v1.0.0"

[[projects]]
  name = "github.com/spf13/viper"
  packages = ["."]
  revision = "25b30aa063fc18e48662b86996252eabdcf2f0c7"
  version = "v1.0.0"

[[projects]]
  branch = "master"
  name = "golang.org/x/crypto"
  packages = ["ocsp","pkcs12","pkcs12/internal/rc2","sha3"]
  revision = "2509b142fb2b797aa7587dad548f113b2c0f20ce"

[[projects]]
  branch = "master"
  name = "golang.org/x/net"
  packages = ["context","http2","http2/hpack","idna","internal/timeseries","lex/httplex","trace"]
  revision = "92447d55896d6f92b4a0d4fd83bd078b0374e8fa"

[[projects]]
  branch = "master"
  name = "golang.org/x/sync"
  packages = ["syncmap"]
  revision = "8e0aa688b654ef28caa72506fa5ec8dba9fc7690"

[[projects]]
  branch = "master"
  name = "golang.org/x/sys"
  packages = ["unix"]
  revision = "a1a1f1746d156bbc9954f29134b20ed4ce2752f1"

[[projects]]
  branch = "master"
  name = "golang.org/x/text"
  packages = ["collate","collate/build","internal/colltab","internal/gen","internal/tag","internal/triegen","internal/ucd","language","secure/bidirule","transform","unicode/bidi","unicode/cldr","unicode/norm","unicode/rangetable"]
  revision = "c01e4764d870b77f8abe5096ee19ad20d80e8075"

[[projects]]
  branch = "master"
  name = "google.golang.org/genproto"
  packages = ["googleapis/rpc/status"]
  revision = "f676e0f3ac6395ff1a529ae59a6670878a8371a6"

[[projects]]
  name = "google.golang.org/grpc"
  packages = [".","balancer","codes","connectivity","credentials","grpclb/grpc_lb_v1/messages","grpclog","internal","keepalive","metadata","naming","peer","resolver","stats","status","tap","transport"]
  revision = "f7bf885db0b7479a537ec317c6e48ce53145f3db"
  version = "v1.7.0"

[[projects]]
  branch = "v2"
  name = "gopkg.in/yaml.v2"
  packages = ["."]
  revision = "eb3733d160e74a9c7e442f435eb3bea458e1d19f"

[solve-meta]
  analyzer-name = "dep"
  analyzer-version = 1
  inputs-digest = "52dc1439d68536a1698fe7a2393c7121517b6d79878f278338be6da0d40d1d30"
  solver-name = "gps-cdcl"
  solver-version = 1
